
Microsoft Visual Studio Solution File, Format Version 12.00
# Visual Studio Version 17
VisualStudioVersion = 17.11.35312.102
MinimumVisualStudioVersion = 10.0.40219.1
Project("{FAE04EC0-301F-11D3-BF4B-00C04F79EFBC}") = "CharpLab09", "CharpLab09\CharpLab09.csproj", "{9603C8D1-E64A-4D5D-A07E-361AC4140670}"
EndProject
Project("{FAE04EC0-301F-11D3-BF4B-00C04F79EFBC}") = "WinFormsApp1", "WinFormsApp1\WinFormsApp1.csproj", "{C79EB0D0-6C3C-4504-A9CB-EF16A26BD82E}"
EndProject
Project("{FAE04EC0-301F-11D3-BF4B-00C04F79EFBC}") = "WinFormsApp2", "WinFormsApp2\WinFormsApp2.csproj", "{A6066C90-7923-4404-91E5-823D7D9602D0}"
EndProject
Global
	GlobalSection(SolutionConfigurationPlatforms) = preSolution
		Debug|Any CPU = Debug|Any CPU
		Release|Any CPU = Release|Any CPU
	EndGlobalSection
	GlobalSection(ProjectConfigurationPlatforms) = postSolution
		{9603C8D1-E64A-4D5D-A07E-361AC4140670}.Debug|Any CPU.ActiveCfg = Debug|Any CPU
		{9603C8D1-E64A-4D5D-A07E-361AC4140670}.Debug|Any CPU.Build.0 = Debug|Any CPU
		{9603C8D1-E64A-4D5D-A07E-361AC4140670}.Release|Any CPU.ActiveCfg = Release|Any CPU
		{9603C8D1-E64A-4D5D-A07E-361AC4140670}.Release|Any CPU.Build.0 = Release|Any CPU
		{C79EB0D0-6C3C-4504-A9CB-EF16A26BD82E}.Debug|Any CPU.ActiveCfg = Debug|Any CPU
		{C79EB0D0-6C3C-4504-A9CB-EF16A26BD82E}.Debug|Any CPU.Build.0 = Debug|Any CPU
		{C79EB0D0-6C3C-4504-A9CB-EF16A26BD82E}.Release|Any CPU.ActiveCfg = Release|Any CPU
		{C79EB0D0-6C3C-4504-A9CB-EF16A26BD82E}.Release|Any CPU.Build.0 = Release|Any CPU
		{A6066C90-7923-4404-91E5-823D7D9602D0}.Debug|Any CPU.ActiveCfg = Debug|Any CPU
		{A6066C90-7923-4404-91E5-823D7D9602D0}.Debug|Any CPU.Build.0 = Debug|Any CPU
		{A6066C90-7923-4404-91E5-823D7D9602D0}.Release|Any CPU.ActiveCfg = Release|Any CPU
		{A6066C90-7923-4404-91E5-823D7D9602D0}.Release|Any CPU.Build.0 = Release|Any CPU
	EndGlobalSection
	GlobalSection(SolutionProperties) = preSolution
		HideSolutionNode = FALSE
	EndGlobalSection
	GlobalSection(ExtensibilityGlobals) = postSolution
		SolutionGuid = {1958B458-6B94-4CFC-B7AB-F8B809D842F1}
	EndGlobalSection
EndGlobal
